
Microsoft Visual Studio Solution File, Format Version 12.00
# Visual Studio Version 16
VisualStudioVersion = 16.0.29728.190
MinimumVisualStudioVersion = 10.0.40219.1
Project("{FAE04EC0-301F-11D3-BF4B-00C04F79EFBC}") = "PathfinderParser", "PathfinderParser.csproj", "{37D926C7-E269-49A7-BD6A-3770BEECA177}"
EndProject
Global
	GlobalSection(SolutionConfigurationPlatforms) = preSolution
		Debug|Any CPU = Debug|Any CPU
		Release|Any CPU = Release|Any CPU
	EndGlobalSection
	GlobalSection(ProjectConfigurationPlatforms) = postSolution
		{37D926C7-E269-49A7-BD6A-3770BEECA177}.Debug|Any CPU.ActiveCfg = Debug|Any CPU
		{37D926C7-E269-49A7-BD6A-3770BEECA177}.Debug|Any CPU.Build.0 = Debug|Any CPU
		{37D926C7-E269-49A7-BD6A-3770BEECA177}.Release|Any CPU.ActiveCfg = Release|Any CPU
		{37D926C7-E269-49A7-BD6A-3770BEECA177}.Release|Any CPU.Build.0 = Release|Any CPU
	EndGlobalSection
	GlobalSection(SolutionProperties) = preSolution
		HideSolutionNode = FALSE
	EndGlobalSection
	GlobalSection(ExtensibilityGlobals) = postSolution
		SolutionGuid = {464E7907-0FD7-4DD0-AC17-B486AA39AB16}
	EndGlobalSection
EndGlobal
